
Microsoft Visual Studio Solution File, Format Version 12.00
# Visual Studio Version 17
VisualStudioVersion = 17.4.33205.214
MinimumVisualStudioVersion = 10.0.40219.1
Project("{888888A0-9F3D-457C-B088-3A5042F75D52}") = "Main", "Main\Main.pyproj", "{F972C59F-0F6D-49AE-AA94-6FEFDCC186EB}"
EndProject
Global
	GlobalSection(SolutionConfigurationPlatforms) = preSolution
		Debug|Any CPU = Debug|Any CPU
		Release|Any CPU = Release|Any CPU
	EndGlobalSection
	GlobalSection(ProjectConfigurationPlatforms) = postSolution
		{F972C59F-0F6D-49AE-AA94-6FEFDCC186EB}.Debug|Any CPU.ActiveCfg = Debug|Any CPU
		{F972C59F-0F6D-49AE-AA94-6FEFDCC186EB}.Release|Any CPU.ActiveCfg = Release|Any CPU
	EndGlobalSection
	GlobalSection(SolutionProperties) = preSolution
		HideSolutionNode = FALSE
	EndGlobalSection
	GlobalSection(ExtensibilityGlobals) = postSolution
		SolutionGuid = {28CEC1F5-91D5-4465-B9FA-7E81F64BBE35}
	EndGlobalSection
EndGlobal
